
Microsoft Visual Studio Solution File, Format Version 12.00
# Visual Studio Version 17
VisualStudioVersion = 17.14.36301.6
MinimumVisualStudioVersion = 10.0.40219.1
Project("{FAE04EC0-301F-11D3-BF4B-00C04F79EFBC}") = "OnlineStore", "OnlineStore\OnlineStore.csproj", "{8B17F880-10F2-4D6A-83E5-CEAE9D57503A}"
EndProject
Project("{FAE04EC0-301F-11D3-BF4B-00C04F79EFBC}") = "OnlineStoreClient", "OnlineStoreClient\OnlineStoreClient.csproj", "{DE0C07B7-1A6D-429B-8CAA-44D0CD7CFF07}"
EndProject
Project("{FAE04EC0-301F-11D3-BF4B-00C04F79EFBC}") = "OnlineStore.UnitTests", "OnlineStore.UnitTests\OnlineStore.UnitTests.csproj", "{A8878FED-3786-4C97-95F7-AADE786BBAFA}"
	ProjectSection(ProjectDependencies) = postProject
		{DE0C07B7-1A6D-429B-8CAA-44D0CD7CFF07} = {DE0C07B7-1A6D-429B-8CAA-44D0CD7CFF07}
	EndProjectSection
EndProject
Global
	GlobalSection(SolutionConfigurationPlatforms) = preSolution
		Debug|Any CPU = Debug|Any CPU
		Release|Any CPU = Release|Any CPU
	EndGlobalSection
	GlobalSection(ProjectConfigurationPlatforms) = postSolution
		{8B17F880-10F2-4D6A-83E5-CEAE9D57503A}.Debug|Any CPU.ActiveCfg = Debug|Any CPU
		{8B17F880-10F2-4D6A-83E5-CEAE9D57503A}.Debug|Any CPU.Build.0 = Debug|Any CPU
		{8B17F880-10F2-4D6A-83E5-CEAE9D57503A}.Release|Any CPU.ActiveCfg = Release|Any CPU
		{8B17F880-10F2-4D6A-83E5-CEAE9D57503A}.Release|Any CPU.Build.0 = Release|Any CPU
		{DE0C07B7-1A6D-429B-8CAA-44D0CD7CFF07}.Debug|Any CPU.ActiveCfg = Debug|Any CPU
		{DE0C07B7-1A6D-429B-8CAA-44D0CD7CFF07}.Debug|Any CPU.Build.0 = Debug|Any CPU
		{DE0C07B7-1A6D-429B-8CAA-44D0CD7CFF07}.Release|Any CPU.ActiveCfg = Release|Any CPU
		{DE0C07B7-1A6D-429B-8CAA-44D0CD7CFF07}.Release|Any CPU.Build.0 = Release|Any CPU
		{A8878FED-3786-4C97-95F7-AADE786BBAFA}.Debug|Any CPU.ActiveCfg = Debug|Any CPU
		{A8878FED-3786-4C97-95F7-AADE786BBAFA}.Debug|Any CPU.Build.0 = Debug|Any CPU
		{A8878FED-3786-4C97-95F7-AADE786BBAFA}.Release|Any CPU.ActiveCfg = Release|Any CPU
		{A8878FED-3786-4C97-95F7-AADE786BBAFA}.Release|Any CPU.Build.0 = Release|Any CPU
	EndGlobalSection
	GlobalSection(SolutionProperties) = preSolution
		HideSolutionNode = FALSE
	EndGlobalSection
	GlobalSection(ExtensibilityGlobals) = postSolution
		SolutionGuid = {E694DC2D-FF78-42AA-AD39-FFD7F81CE854}
	EndGlobalSection
EndGlobal
